{
  "lockfileVersion": 1,
  "configVersion": 1,
  "workspaces": {
    "": {
      "name": "ws397-server",
      "dependencies": {
        "@anthropic-ai/sdk": "^0.80.0",
        "@mtcute/bun": "^0.32.1",
        "fflate": "^0.8.3",
        "hono": "^4.7.0",
      },
      "devDependencies": {
        "@types/bun": "latest",
        "typescript": "^5.6.0",
      },
    },
  },
  "packages": {
    "@anthropic-ai/sdk": ["@anthropic-ai/sdk@0.80.0", "", { "dependencies": { "json-schema-to-ts": "^3.1.1" }, "peerDependencies": { "zod": "^3.25.0 || ^4.0.0" }, "optionalPeers": ["zod"], "bin": { "anthropic-ai-sdk": "bin/cli" } }, "sha512-WeXLn7zNVk3yjeshn+xZHvld6AoFUOR3Sep6pSoHho5YbSi6HwcirqgPA5ccFuW8QTVJAAU7N8uQQC6Wa9TG+g=="],

    "@babel/runtime": ["@babel/runtime@7.29.7", "", {}, "sha512-Nq8OhGWiZIZGV6hLHoyAKLLcJihP/xFeBMGJoUrxTX2psI8dCifzLhZISFb+VWS3wFMRDmCGw5R+dOySCqPLhw=="],

    "@fuman/bun": ["@fuman/bun@0.0.21", "", { "dependencies": { "@fuman/io": "^0.0.21", "@fuman/net": "^0.0.21", "@fuman/utils": "^0.0.21" } }, "sha512-yWCFrBrZEhpsRu3LBYz5yx8XadTBgagNz1IHThbb+wK4Gj+tYFET6j6juoA+d2M1ff7vVPPfiN9YnkapyFEjbg=="],

    "@fuman/io": ["@fuman/io@0.0.21", "", { "dependencies": { "@fuman/utils": "^0.0.21" } }, "sha512-8tSqmAUBWFdYrQUednl3I3VxLudaVXfyCqmPyiaDAXgmABTnjD2LvbXoJ7StrV9bvlrwVmwE+smwiKXSJtji0g=="],

    "@fuman/net": ["@fuman/net@0.0.21", "", { "dependencies": { "@fuman/io": "^0.0.21", "@fuman/utils": "^0.0.21" } }, "sha512-4PbDA2f6SfR5CtOs7omZNrrRh1X23KQBI0XmpL/r1fVd726H6+IfhDRxm/fgNKlLgMwe6pGbI/hzt8JU0y0sgw=="],

    "@fuman/utils": ["@fuman/utils@0.0.21", "", {}, "sha512-2N5bPK18uGgZRans+ZQ33SE+xSGj4BZNnJbSUnGdH/i4ADTdz/ziC/16Qy3/Jqzbrwr21IpuKObnELp8DDfkDQ=="],

    "@mtcute/bun": ["@mtcute/bun@0.32.1", "", { "dependencies": { "@fuman/bun": "0.0.21", "@fuman/io": "0.0.21", "@fuman/net": "0.0.21", "@fuman/utils": "0.0.21", "@mtcute/core": "^0.32.1", "@mtcute/html-parser": "^0.32.1", "@mtcute/markdown-parser": "^0.32.1", "@mtcute/wasm": "^0.32.0" } }, "sha512-vknEutpnPgv+Tih/HA0o5DbP/JYnlJO5i+/BJjgXUFSqHhIJ2OTFrfvJDZjpXEOWtr0tsaGh9ryZORvHJ1Lv3w=="],

    "@mtcute/core": ["@mtcute/core@0.32.1", "", { "dependencies": { "@fuman/io": "0.0.21", "@fuman/net": "0.0.21", "@fuman/utils": "0.0.21", "@mtcute/file-id": "^0.32.0", "@mtcute/tl-runtime": "^0.32.0", "@types/events": "3.0.0", "long": "^5.3.2" } }, "sha512-bkUlAmpAupqwqEHZ5dDtPTkh2p8j9ksSuBb771Mc8qJ73ygrsV4qNll0b84K/tXi4n2nQ2uUuJ2NlY1bjfSiSw=="],

    "@mtcute/file-id": ["@mtcute/file-id@0.32.0", "", { "dependencies": { "@fuman/utils": "0.0.21", "@mtcute/tl-runtime": "^0.32.0", "long": "^5.3.2" } }, "sha512-afg/w6KKEn85xenuHVF4N8ysWy3vYZ7VF2sseUM3OXzLdZgVifRnNTdVUmU2kilpRYsR/B0Qvyu7Sif2N7H47A=="],

    "@mtcute/html-parser": ["@mtcute/html-parser@0.32.1", "", { "dependencies": { "@mtcute/core": "^0.32.1", "htmlparser2": "^10.0.0", "long": "^5.3.2" } }, "sha512-Yc+LnnvYUmiy3IBzhBsPSkow0oP+B4VbVheJMKUMJhIjO1jbpHOdkrPFov07wssxdD0C2FSleWSzLcjXgag+RA=="],

    "@mtcute/markdown-parser": ["@mtcute/markdown-parser@0.32.1", "", { "dependencies": { "@mtcute/core": "^0.32.1", "long": "^5.3.2" } }, "sha512-gAydSBK+uYK3G/rIbef03q1nDpIlSCNPyCsskvXChqSAB0fqerPw1O/SjJTPZ044GFLu/cIuisti5HqgtwZ4dg=="],

    "@mtcute/tl-runtime": ["@mtcute/tl-runtime@0.32.0", "", { "dependencies": { "@fuman/utils": "0.0.21", "long": "^5.3.2" } }, "sha512-9TdepMheddBismZDYVng9a0m+D4TqUPWcFc83JiArsXv+pmQiNWzXcoyoTUODUA35i6VOIdO5CuNd8hnKoZHpg=="],

    "@mtcute/wasm": ["@mtcute/wasm@0.32.0", "", {}, "sha512-Hkp+h7OYN1GPpJ3HYeQfBM/OgvF0oWCuS2OY0shwigQmNJib2gX7fIH+KDd5UsRNuHptWASawMjKA+wLnGpSvw=="],

    "@types/bun": ["@types/bun@1.4.1", "", { "dependencies": { "bun-types": "1.4.1" } }, "sha512-0AVGiTXGajf1rgKom3N+c5L7CBxuoyyv1i44M0nX4UDK0G/fnRAMiri93nHuVPIb429KKtAgj7HatVmmOjeQLA=="],

    "@types/events": ["@types/events@3.0.0", "", {}, "sha512-EaObqwIvayI5a8dCzhFrjKzVwKLxjoG9T6Ppd5CEo07LRKfQ8Yokw54r5+Wq7FaBQ+yXRvQAYPrHwya1/UFt9g=="],

    "@types/node": ["@types/node@26.4.1", "", { "dependencies": { "undici-types": "~8.3.0" } }, "sha512-k97ENvZWtvA6yqz5/FS6a7duDgOPEeOQOc2iKS/nY6mX6qJUKtLnWzQS+Xj6tXweyj6ZcTAK2Qecetnvi9nCLA=="],

    "bun-types": ["bun-types@1.4.1", "", { "dependencies": { "@types/node": "*" } }, "sha512-loKuVrAFZKfEv+JvWkHRS9GW5IqLuLRjVXN9p+vZvBN86O5hf/pBZQ5hSoyipsrMmWObZBDvWnlmKvjKTM0PdA=="],

    "dom-serializer": ["dom-serializer@2.0.0", "", { "dependencies": { "domelementtype": "^2.3.0", "domhandler": "^5.0.2", "entities": "^4.2.0" } }, "sha512-wIkAryiqt/nV5EQKqQpo3SToSOV9J0DnbJqwK7Wv/Trc92zIAYZ4FlMu+JPFW1DfGFt81ZTCGgDEabffXeLyJg=="],

    "domelementtype": ["domelementtype@2.3.0", "", {}, "sha512-OLETBj6w0OsagBwdXnPdN0cnMfF9opN69co+7ZrbfPGrdpPVNBUj02spi6B1N7wChLQiPn4CSH/zJvXw56gmHw=="],

    "domhandler": ["domhandler@5.0.3", "", { "dependencies": { "domelementtype": "^2.3.0" } }, "sha512-cgwlv/1iFQiFnU96XXgROh8xTeetsnJiDsTc7TYCLFd9+/WNkIqPTxiM/8pSd8VIrhXGTf1Ny1q1hquVqDJB5w=="],

    "domutils": ["domutils@3.2.2", "", { "dependencies": { "dom-serializer": "^2.0.0", "domelementtype": "^2.3.0", "domhandler": "^5.0.3" } }, "sha512-6kZKyUajlDuqlHKVX1w7gyslj9MPIXzIFiz/rGu35uC1wMi+kMhQwGhl4lt9unC9Vb9INnY9Z3/ZA3+FhASLaw=="],

    "entities": ["entities@7.0.1", "", {}, "sha512-TWrgLOFUQTH994YUyl1yT4uyavY5nNB5muff+RtWaqNVCAK408b5ZnnbNAUEWLTCpum9w6arT70i1XdQ4UeOPA=="],

    "fflate": ["fflate@0.8.3", "", {}, "sha512-tbZNuJrLwGUp3zshBtdy4W+ORxZuIh8a5ilyIEQDC5rY1f3U20JMry0Ll3WBzU58EZKsEuJFXhb5gwv8CsPvgA=="],

    "hono": ["hono@4.13.7", "", {}, "sha512-c8/gF9ac8Y78/agExVocyLevgR+JlpNB444Py0FSX8pJoPdYUfUzRcXtYEYGwt6l19qIlVZPN5Mfsw9jFShmQQ=="],

    "htmlparser2": ["htmlparser2@10.1.0", "", { "dependencies": { "domelementtype": "^2.3.0", "domhandler": "^5.0.3", "domutils": "^3.2.2", "entities": "^7.0.1" } }, "sha512-VTZkM9GWRAtEpveh7MSF6SjjrpNVNNVJfFup7xTY3UpFtm67foy9HDVXneLtFVt4pMz5kZtgNcvCniNFb1hlEQ=="],

    "json-schema-to-ts": ["json-schema-to-ts@3.1.1", "", { "dependencies": { "@babel/runtime": "^7.18.3", "ts-algebra": "^2.0.0" } }, "sha512-+DWg8jCJG2TEnpy7kOm/7/AxaYoaRbjVB4LFZLySZlWn8exGs3A4OLJR966cVvU26N7X9TWxl+Jsw7dzAqKT6g=="],

    "long": ["long@5.3.2", "", {}, "sha512-mNAgZ1GmyNhD7AuqnTG3/VQ26o760+ZYBPKjPvugO8+nLbYfX6TVpJPseBvopbdY+qpZ/lKUnmEc1LeZYS3QAA=="],

    "ts-algebra": ["ts-algebra@2.0.0", "", {}, "sha512-FPAhNPFMrkwz76P7cdjdmiShwMynZYN6SgOujD1urY4oNm80Ou9oMdmbR45LotcKOXoy7wSmHkRFE6Mxbrhefw=="],

    "typescript": ["typescript@5.9.3", "", { "bin": { "tsc": "bin/tsc", "tsserver": "bin/tsserver" } }, "sha512-jl1vZzPDinLr9eUt3J/t7V6FgNEw9QjvBPdysz9KfQDD41fQrC2Y4vKQdiaUpFT4bXlb1RHhLpp8wtm6M5TgSw=="],

    "undici-types": ["undici-types@8.3.0", "", {}, "sha512-j375ScV60dom+YkPFIfTLcOiPxkN/buHz5GobjLhixFuANaNs3C9l4GmrWqejgXWJ7BbJcFYpTEUkS1Ge8bpZQ=="],

    "dom-serializer/entities": ["entities@4.5.0", "", {}, "sha512-V0hjH4dGPh9Ao5p0MoRY6BVqtwCjhz6vI5LT8AJ55H+4g9/4vbHx1I54fS0XuclLhDHArPQCiMjDxjaL8fPxhw=="],
  }
}
